
Microsoft Visual Studio Solution File, Format Version 12.00
# Visual Studio Version 16
VisualStudioVersion = 16.0.31624.102
MinimumVisualStudioVersion = 10.0.40219.1
Project("{9A19103F-16F7-4668-BE54-9A1E7A4F7556}") = "Generator", "src/Generator.csproj", "{521B5AB2-192B-4FED-A5BB-6151D86FB063}"
EndProject
Global
	GlobalSection(SolutionConfigurationPlatforms) = preSolution
		Debug|Any CPU = Debug|Any CPU
		Release|Any CPU = Release|Any CPU
	EndGlobalSection
	GlobalSection(ProjectConfigurationPlatforms) = postSolution
		{521B5AB2-192B-4FED-A5BB-6151D86FB063}.Debug|Any CPU.ActiveCfg = Debug|Any CPU
		{521B5AB2-192B-4FED-A5BB-6151D86FB063}.Debug|Any CPU.Build.0 = Debug|Any CPU
		{521B5AB2-192B-4FED-A5BB-6151D86FB063}.Release|Any CPU.ActiveCfg = Release|Any CPU
		{521B5AB2-192B-4FED-A5BB-6151D86FB063}.Release|Any CPU.Build.0 = Release|Any CPU
	EndGlobalSection
	GlobalSection(SolutionProperties) = preSolution
		HideSolutionNode = FALSE
	EndGlobalSection
	GlobalSection(ExtensibilityGlobals) = postSolution
		SolutionGuid = {4E9D9F43-4C48-4B70-800A-36414ED02F08}
	EndGlobalSection
EndGlobal
